// !$*UTF8*$!
{
	archiveVersion = 1;
	classes = {
	};
	objectVersion = 48;
	objects = {

/* Begin PBXBuildFile section */
		D868BB332043BF8900625CF5 /* AppDelegate.swift in Sources */ = {isa = PBXBuildFile; fileRef = D868BB322043BF8900625CF5 /* AppDelegate.swift */; };
		D868BB352043BF8900625CF5 /* ViewController.swift in Sources */ = {isa = PBXBuildFile; fileRef = D868BB342043BF8900625CF5 /* ViewController.swift */; };
		D868BB382043BF8900625CF5 /* Main.storyboard in Resources */ = {isa = PBXBuildFile; fileRef = D868BB362043BF8900625CF5 /* Main.storyboard */; };
		D868BB3A2043BF8900625CF5 /* Assets.xcassets in Resources */ = {isa = PBXBuildFile; fileRef = D868BB392043BF8900625CF5 /* Assets.xcassets */; };
		D868BB3D2043BF8900625CF5 /* LaunchScreen.storyboard in Resources */ = {isa = PBXBuildFile; fileRef = D868BB3B2043BF8900625CF5 /* LaunchScreen.storyboard */; };
		D868BB482043BF8900625CF5 /* TransActionTests.swift in Sources */ = {isa = PBXBuildFile; fileRef = D868BB472043BF8900625CF5 /* TransActionTests.swift */; };
		D868BB532043BF8A00625CF5 /* TransActionUITests.swift in Sources */ = {isa = PBXBuildFile; fileRef = D868BB522043BF8A00625CF5 /* TransActionUITests.swift */; };
/* End PBXBuildFile section */

/* Begin PBXContainerItemProxy section */
		D868BB442043BF8900625CF5 /* PBXContainerItemProxy */ = {
			isa = PBXContainerItemProxy;
			containerPortal = D868BB272043BF8900625CF5 /* Project object */;
			proxyType = 1;
			remoteGlobalIDString = D868BB2E2043BF8900625CF5;
			remoteInfo = TransAction;
		};
		D868BB4F2043BF8900625CF5 /* PBXContainerItemProxy */ = {
			isa = PBXContainerItemProxy;
			containerPortal = D868BB272043BF8900625CF5 /* Project object */;
			proxyType = 1;
			remoteGlobalIDString = D868BB2E2043BF8900625CF5;
			remoteInfo = TransAction;
		};
/* End PBXContainerItemProxy section */

/* Begin PBXFileReference section */
		D868BB2F2043BF8900625CF5 /* TransAction.app */ = {isa = PBXFileReference; explicitFileType = wrapper.application; includeInIndex = 0; path = TransAction.app; sourceTree = BUILT_PRODUCTS_DIR; };
		D868BB322043BF8900625CF5 /* AppDelegate.swift */ = {isa = PBXFileReference; lastKnownFileType = sourcecode.swift; path = AppDelegate.swift; sourceTree = "<group>"; };
		D868BB342043BF8900625CF5 /* ViewController.swift */ = {isa = PBXFileReference; lastKnownFileType = sourcecode.swift; path = ViewController.swift; sourceTree = "<group>"; };
		D868BB372043BF8900625CF5 /* Base */ = {isa = PBXFileReference; lastKnownFileType = file.storyboard; name = Base; path = Base.lproj/Main.storyboard; sourceTree = "<group>"; };
		D868BB392043BF8900625CF5 /* Assets.xcassets */ = {isa = PBXFileReference; lastKnownFileType = folder.assetcatalog; path = Assets.xcassets; sourceTree = "<group>"; };
		D868BB3C2043BF8900625CF5 /* Base */ = {isa = PBXFileReference; lastKnownFileType = file.storyboard; name = Base; path = Base.lproj/LaunchScreen.storyboard; sourceTree = "<group>"; };
		D868BB3E2043BF8900625CF5 /* Info.plist */ = {isa = PBXFileReference; lastKnownFileType = text.plist.xml; path = Info.plist; sourceTree = "<group>"; };
		D868BB432043BF8900625CF5 /* TransActionTests.xctest */ = {isa = PBXFileReference; explicitFileType = wrapper.cfbundle; includeInIndex = 0; path = TransActionTests.xctest; sourceTree = BUILT_PRODUCTS_DIR; };
		D868BB472043BF8900625CF5 /* TransActionTests.swift */ = {isa = PBXFileReference; lastKnownFileType = sourcecode.swift; path = TransActionTests.swift; sourceTree = "<group>"; };
		D868BB492043BF8900625CF5 /* Info.plist */ = {isa = PBXFileReference; lastKnownFileType = text.plist.xml; path = Info.plist; sourceTree = "<group>"; };
		D868BB4E2043BF8900625CF5 /* TransActionUITests.xctest */ = {isa = PBXFileReference; explicitFileType = wrapper.cfbundle; includeInIndex = 0; path = TransActionUITests.xctest; sourceTree = BUILT_PRODUCTS_DIR; };
		D868BB522043BF8A00625CF5 /* TransActionUITests.swift */ = {isa = PBXFileReference; lastKnownFileType = sourcecode.swift; path = TransActionUITests.swift; sourceTree = "<group>"; };
		D868BB542043BF8A00625CF5 /* Info.plist */ = {isa = PBXFileReference; lastKnownFileType = text.plist.xml; path = Info.plist; sourceTree = "<group>"; };
/* End PBXFileReference section */

/* Begin PBXFrameworksBuildPhase section */
		D868BB2C2043BF8900625CF5 /* Frameworks */ = {
			isa = PBXFrameworksBuildPhase;
			buildActionMask = 2147483647;
			files = (
			);
			runOnlyForDeploymentPostprocessing = 0;
		};
		D868BB402043BF8900625CF5 /* Frameworks */ = {
			isa = PBXFrameworksBuildPhase;
			buildActionMask = 2147483647;
			files = (
			);
			runOnlyForDeploymentPostprocessing = 0;
		};
		D868BB4B2043BF8900625CF5 /* Frameworks */ = {
			isa = PBXFrameworksBuildPhase;
			buildActionMask = 2147483647;
			files = (
			);
			runOnlyForDeploymentPostprocessing = 0;
		};
/* End PBXFrameworksBuildPhase section */

/* Begin PBXGroup section */
		D868BB262043BF8900625CF5 = {
			isa = PBXGroup;
			children = (
				D868BB312043BF8900625CF5 /* TransAction */,
				D868BB462043BF8900625CF5 /* TransActionTests */,
				D868BB512043BF8A00625CF5 /* TransActionUITests */,
				D868BB302043BF8900625CF5 /* Products */,
			);
			sourceTree = "<group>";
		};
		D868BB302043BF8900625CF5 /* Products */ = {
			isa = PBXGroup;
			children = (
				D868BB2F2043BF8900625CF5 /* TransAction.app */,
				D868BB432043BF8900625CF5 /* TransActionTests.xctest */,
				D868BB4E2043BF8900625CF5 /* TransActionUITests.xctest */,
			);
			name = Products;
			sourceTree = "<group>";
		};
		D868BB312043BF8900625CF5 /* TransAction */ = {
			isa = PBXGroup;
			children = (
				D868BB322043BF8900625CF5 /* AppDelegate.swift */,
				D868BB342043BF8900625CF5 /* ViewController.swift */,
				D868BB362043BF8900625CF5 /* Main.storyboard */,
				D868BB392043BF8900625CF5 /* Assets.xcassets */,
				D868BB3B2043BF8900625CF5 /* LaunchScreen.storyboard */,
				D868BB3E2043BF8900625CF5 /* Info.plist */,
			);
			path = TransAction;
			sourceTree = "<group>";
		};
		D868BB462043BF8900625CF5 /* TransActionTests */ = {
			isa = PBXGroup;
			children = (
				D868BB472043BF8900625CF5 /* TransActionTests.swift */,
				D868BB492043BF8900625CF5 /* Info.plist */,
			);
			path = TransActionTests;
			sourceTree = "<group>";
		};
		D868BB512043BF8A00625CF5 /* TransActionUITests */ = {
			isa = PBXGroup;
			children = (
				D868BB522043BF8A00625CF5 /* TransActionUITests.swift */,
				D868BB542043BF8A00625CF5 /* Info.plist */,
			);
			path = TransActionUITests;
			sourceTree = "<group>";
		};
/* End PBXGroup section */

/* Begin PBXNativeTarget section */
		D868BB2E2043BF8900625CF5 /* TransAction */ = {
			isa = PBXNativeTarget;
			buildConfigurationList = D868BB572043BF8A00625CF5 /* Build configuration list for PBXNativeTarget "TransAction" */;
			buildPhases = (
				D868BB2B2043BF8900625CF5 /* Sources */,
				D868BB2C2043BF8900625CF5 /* Frameworks */,
				D868BB2D2043BF8900625CF5 /* Resources */,
			);
			buildRules = (
			);
			dependencies = (
			);
			name = TransAction;
			productName = TransAction;
			productReference = D868BB2F2043BF8900625CF5 /* TransAction.app */;
			productType = "com.apple.product-type.application";
		};
		D868BB422043BF8900625CF5 /* TransActionTests */ = {
			isa = PBXNativeTarget;
			buildConfigurationList = D868BB5A2043BF8A00625CF5 /* Build configuration list for PBXNativeTarget "TransActionTests" */;
			buildPhases = (
				D868BB3F2043BF8900625CF5 /* Sources */,
				D868BB402043BF8900625CF5 /* Frameworks */,
				D868BB412043BF8900625CF5 /* Resources */,
			);
			buildRules = (
			);
			dependencies = (
				D868BB452043BF8900625CF5 /* PBXTargetDependency */,
			);
			name = TransActionTests;
			productName = TransActionTests;
			productReference = D868BB432043BF8900625CF5 /* TransActionTests.xctest */;
			productType = "com.apple.product-type.bundle.unit-test";
		};
		D868BB4D2043BF8900625CF5 /* TransActionUITests */ = {
			isa = PBXNativeTarget;
			buildConfigurationList = D868BB5D2043BF8A00625CF5 /* Build configuration list for PBXNativeTarget "TransActionUITests" */;
			buildPhases = (
				D868BB4A2043BF8900625CF5 /* Sources */,
				D868BB4B2043BF8900625CF5 /* Frameworks */,
				D868BB4C2043BF8900625CF5 /* Resources */,
			);
			buildRules = (
			);
			dependencies = (
				D868BB502043BF8900625CF5 /* PBXTargetDependency */,
			);
			name = TransActionUITests;
			productName = TransActionUITests;
			productReference = D868BB4E2043BF8900625CF5 /* TransActionUITests.xctest */;
			productType = "com.apple.product-type.bundle.ui-testing";
		};
/* End PBXNativeTarget section */

/* Begin PBXProject section */
		D868BB272043BF8900625CF5 /* Project object */ = {
			isa = PBXProject;
			attributes = {
				LastSwiftUpdateCheck = 0920;
				LastUpgradeCheck = 0920;
				ORGANIZATIONNAME = Surya;
				TargetAttributes = {
					D868BB2E2043BF8900625CF5 = {
						CreatedOnToolsVersion = 9.2;
						ProvisioningStyle = Automatic;
					};
					D868BB422043BF8900625CF5 = {
						CreatedOnToolsVersion = 9.2;
						ProvisioningStyle = Automatic;
						TestTargetID = D868BB2E2043BF8900625CF5;
					};
					D868BB4D2043BF8900625CF5 = {
						CreatedOnToolsVersion = 9.2;
						ProvisioningStyle = Automatic;
						TestTargetID = D868BB2E2043BF8900625CF5;
					};
				};
			};
			buildConfigurationList = D868BB2A2043BF8900625CF5 /* Build configuration list for PBXProject "TransAction" */;
			compatibilityVersion = "Xcode 8.0";
			developmentRegion = en;
			hasScannedForEncodings = 0;
			knownRegions = (
				en,
				Base,
			);
			mainGroup = D868BB262043BF8900625CF5;
			productRefGroup = D868BB302043BF8900625CF5 /* Products */;
			projectDirPath = "";
			projectRoot = "";
			targets = (
				D868BB2E2043BF8900625CF5 /* TransAction */,
				D868BB422043BF8900625CF5 /* TransActionTests */,
				D868BB4D2043BF8900625CF5 /* TransActionUITests */,
			);
		};
/* End PBXProject section */

/* Begin PBXResourcesBuildPhase section */
		D868BB2D2043BF8900625CF5 /* Resources */ = {
			isa = PBXResourcesBuildPhase;
			buildActionMask = 2147483647;
			files = (
				D868BB3D2043BF8900625CF5 /* LaunchScreen.storyboard in Resources */,
				D868BB3A2043BF8900625CF5 /* Assets.xcassets in Resources */,
				D868BB382043BF8900625CF5 /* Main.storyboard in Resources */,
			);
			runOnlyForDeploymentPostprocessing = 0;
		};
		D868BB412043BF8900625CF5 /* Resources */ = {
			isa = PBXResourcesBuildPhase;
			buildActionMask = 2147483647;
			files = (
			);
			runOnlyForDeploymentPostprocessing = 0;
		};
		D868BB4C2043BF8900625CF5 /* Resources */ = {
			isa = PBXResourcesBuildPhase;
			buildActionMask = 2147483647;
			files = (
			);
			runOnlyForDeploymentPostprocessing = 0;
		};
/* End PBXResourcesBuildPhase section */

/* Begin PBXSourcesBuildPhase section */
		D868BB2B2043BF8900625CF5 /* Sources */ = {
			isa = PBXSourcesBuildPhase;
			buildActionMask = 2147483647;
			files = (
				D868BB352043BF8900625CF5 /* ViewController.swift in Sources */,
				D868BB332043BF8900625CF5 /* AppDelegate.swift in Sources */,
			);
			runOnlyForDeploymentPostprocessing = 0;
		};
		D868BB3F2043BF8900625CF5 /* Sources */ = {
			isa = PBXSourcesBuildPhase;
			buildActionMask = 2147483647;
			files = (
				D868BB482043BF8900625CF5 /* TransActionTests.swift in Sources */,
			);
			runOnlyForDeploymentPostprocessing = 0;
		};
		D868BB4A2043BF8900625CF5 /* Sources */ = {
			isa = PBXSourcesBuildPhase;
			buildActionMask = 2147483647;
			files = (
				D868BB532043BF8A00625CF5 /* TransActionUITests.swift in Sources */,
			);
			runOnlyForDeploymentPostprocessing = 0;
		};
/* End PBXSourcesBuildPhase section */

/* Begin PBXTargetDependency section */
		D868BB452043BF8900625CF5 /* PBXTargetDependency */ = {
			isa = PBXTargetDependency;
			target = D868BB2E2043BF8900625CF5 /* TransAction */;
			targetProxy = D868BB442043BF8900625CF5 /* PBXContainerItemProxy */;
		};
		D868BB502043BF8900625CF5 /* PBXTargetDependency */ = {
			isa = PBXTargetDependency;
			target = D868BB2E2043BF8900625CF5 /* TransAction */;
			targetProxy = D868BB4F2043BF8900625CF5 /* PBXContainerItemProxy */;
		};
/* End PBXTargetDependency section */

/* Begin PBXVariantGroup section */
		D868BB362043BF8900625CF5 /* Main.storyboard */ = {
			isa = PBXVariantGroup;
			children = (
				D868BB372043BF8900625CF5 /* Base */,
			);
			name = Main.storyboard;
			sourceTree = "<group>";
		};
		D868BB3B2043BF8900625CF5 /* LaunchScreen.storyboard */ = {
			isa = PBXVariantGroup;
			children = (
				D868BB3C2043BF8900625CF5 /* Base */,
			);
			name = LaunchScreen.storyboard;
			sourceTree = "<group>";
		};
/* End PBXVariantGroup section */

/* Begin XCBuildConfiguration section */
		D868BB552043BF8A00625CF5 /* Debug */ = {
			isa = XCBuildConfiguration;
			buildSettings = {
				ALWAYS_SEARCH_USER_PATHS = NO;
				CLANG_ANALYZER_NONNULL = YES;
				CLANG_ANALYZER_NUMBER_OBJECT_CONVERSION = YES_AGGRESSIVE;
				CLANG_CXX_LANGUAGE_STANDARD = "gnu++14";
				CLANG_CXX_LIBRARY = "libc++";
				CLANG_ENABLE_MODULES = YES;
				CLANG_ENABLE_OBJC_ARC = YES;
				CLANG_WARN_BLOCK_CAPTURE_AUTORELEASING = YES;
				CLANG_WARN_BOOL_CONVERSION = YES;
				CLANG_WARN_COMMA = YES;
				CLANG_WARN_CONSTANT_CONVERSION = YES;
				CLANG_WARN_DIRECT_OBJC_ISA_USAGE = YES_ERROR;
				CLANG_WARN_DOCUMENTATION_COMMENTS = YES;
				CLANG_WARN_EMPTY_BODY = YES;
				CLANG_WARN_ENUM_CONVERSION = YES;
				CLANG_WARN_INFINITE_RECURSION = YES;
				CLANG_WARN_INT_CONVERSION = YES;
				CLANG_WARN_NON_LITERAL_NULL_CONVERSION = YES;
				CLANG_WARN_OBJC_LITERAL_CONVERSION = YES;
				CLANG_WARN_OBJC_ROOT_CLASS = YES_ERROR;
				CLANG_WARN_RANGE_LOOP_ANALYSIS = YES;
				CLANG_WARN_STRICT_PROTOTYPES = YES;
				CLANG_WARN_SUSPICIOUS_MOVE = YES;
				CLANG_WARN_UNGUARDED_AVAILABILITY = YES_AGGRESSIVE;
				CLANG_WARN_UNREACHABLE_CODE = YES;
				CLANG_WARN__DUPLICATE_METHOD_MATCH = YES;
				CODE_SIGN_IDENTITY = "iPhone Developer";
				COPY_PHASE_STRIP = NO;
				DEBUG_INFORMATION_FORMAT = dwarf;
				ENABLE_STRICT_OBJC_MSGSEND = YES;
				ENABLE_TESTABILITY = YES;
				GCC_C_LANGUAGE_STANDARD = gnu11;
				GCC_DYNAMIC_NO_PIC = NO;
				GCC_NO_COMMON_BLOCKS = YES;
				GCC_OPTIMIZATION_LEVEL = 0;
				GCC_PREPROCESSOR_DEFINITIONS = (
					"DEBUG=1",
					"$(inherited)",
				);
				GCC_WARN_64_TO_32_BIT_CONVERSION = YES;
				GCC_WARN_ABOUT_RETURN_TYPE = YES_ERROR;
				GCC_WARN_UNDECLARED_SELECTOR = YES;
				GCC_WARN_UNINITIALIZED_AUTOS = YES_AGGRESSIVE;
				GCC_WARN_UNUSED_FUNCTION = YES;
				GCC_WARN_UNUSED_VARIABLE = YES;
				IPHONEOS_DEPLOYMENT_TARGET = 11.2;
				MTL_ENABLE_DEBUG_INFO = YES;
				ONLY_ACTIVE_ARCH = YES;
				SDKROOT = iphoneos;
				SWIFT_ACTIVE_COMPILATION_CONDITIONS = DEBUG;
				SWIFT_OPTIMIZATION_LEVEL = "-Onone";
			};
			name = Debug;
		};
		D868BB562043BF8A00625CF5 /* Release */ = {
			isa = XCBuildConfiguration;
			buildSettings = {
				ALWAYS_SEARCH_USER_PATHS = NO;
				CLANG_ANALYZER_NONNULL = YES;
				CLANG_ANALYZER_NUMBER_OBJECT_CONVERSION = YES_AGGRESSIVE;
				CLANG_CXX_LANGUAGE_STANDARD = "gnu++14";
				CLANG_CXX_LIBRARY = "libc++";
				CLANG_ENABLE_MODULES = YES;
				CLANG_ENABLE_OBJC_ARC = YES;
				CLANG_WARN_BLOCK_CAPTURE_AUTORELEASING = YES;
				CLANG_WARN_BOOL_CONVERSION = YES;
				CLANG_WARN_COMMA = YES;
				CLANG_WARN_CONSTANT_CONVERSION = YES;
				CLANG_WARN_DIRECT_OBJC_ISA_USAGE = YES_ERROR;
				CLANG_WARN_DOCUMENTATION_COMMENTS = YES;
				CLANG_WARN_EMPTY_BODY = YES;
				CLANG_WARN_ENUM_CONVERSION = YES;
				CLANG_WARN_INFINITE_RECURSION = YES;
				CLANG_WARN_INT_CONVERSION = YES;
				CLANG_WARN_NON_LITERAL_NULL_CONVERSION = YES;
				CLANG_WARN_OBJC_LITERAL_CONVERSION = YES;
				CLANG_WARN_OBJC_ROOT_CLASS = YES_ERROR;
				CLANG_WARN_RANGE_LOOP_ANALYSIS = YES;
				CLANG_WARN_STRICT_PROTOTYPES = YES;
				CLANG_WARN_SUSPICIOUS_MOVE = YES;
				CLANG_WARN_UNGUARDED_AVAILABILITY = YES_AGGRESSIVE;
				CLANG_WARN_UNREACHABLE_CODE = YES;
				CLANG_WARN__DUPLICATE_METHOD_MATCH = YES;
				CODE_SIGN_IDENTITY = "iPhone Developer";
				COPY_PHASE_STRIP = NO;
				DEBUG_INFORMATION_FORMAT = "dwarf-with-dsym";
				ENABLE_NS_ASSERTIONS = NO;
				ENABLE_STRICT_OBJC_MSGSEND = YES;
				GCC_C_LANGUAGE_STANDARD = gnu11;
				GCC_NO_COMMON_BLOCKS = YES;
				GCC_WARN_64_TO_32_BIT_CONVERSION = YES;
				GCC_WARN_ABOUT_RETURN_TYPE = YES_ERROR;
				GCC_WARN_UNDECLARED_SELECTOR = YES;
				GCC_WARN_UNINITIALIZED_AUTOS = YES_AGGRESSIVE;
				GCC_WARN_UNUSED_FUNCTION = YES;
				GCC_WARN_UNUSED_VARIABLE = YES;
				IPHONEOS_DEPLOYMENT_TARGET = 11.2;
				MTL_ENABLE_DEBUG_INFO = NO;
				SDKROOT = iphoneos;
				SWIFT_OPTIMIZATION_LEVEL = "-Owholemodule";
				VALIDATE_PRODUCT = YES;
			};
			name = Release;
		};
		D868BB582043BF8A00625CF5 /* Debug */ = {
			isa = XCBuildConfiguration;
			buildSettings = {
				ASSETCATALOG_COMPILER_APPICON_NAME = AppIcon;
				CODE_SIGN_STYLE = Automatic;
				DEVELOPMENT_TEAM = LE2W4GJ2UR;
				INFOPLIST_FILE = TransAction/Info.plist;
				LD_RUNPATH_SEARCH_PATHS = "$(inherited) @executable_path/Frameworks";
				PRODUCT_BUNDLE_IDENTIFIER = surya.TransAction;
				PRODUCT_NAME = "$(TARGET_NAME)";
				SWIFT_VERSION = 4.0;
				TARGETED_DEVICE_FAMILY = "1,2";
			};
			name = Debug;
		};
		D868BB592043BF8A00625CF5 /* Release */ = {
			isa = XCBuildConfiguration;
			buildSettings = {
				ASSETCATALOG_COMPILER_APPICON_NAME = AppIcon;
				CODE_SIGN_STYLE = Automatic;
				DEVELOPMENT_TEAM = LE2W4GJ2UR;
				INFOPLIST_FILE = TransAction/Info.plist;
				LD_RUNPATH_SEARCH_PATHS = "$(inherited) @executable_path/Frameworks";
				PRODUCT_BUNDLE_IDENTIFIER = surya.TransAction;
				PRODUCT_NAME = "$(TARGET_NAME)";
				SWIFT_VERSION = 4.0;
				TARGETED_DEVICE_FAMILY = "1,2";
			};
			name = Release;
		};
		D868BB5B2043BF8A00625CF5 /* Debug */ = {
			isa = XCBuildConfiguration;
			buildSettings = {
				ALWAYS_EMBED_SWIFT_STANDARD_LIBRARIES = YES;
				BUNDLE_LOADER = "$(TEST_HOST)";
				CODE_SIGN_STYLE = Automatic;
				DEVELOPMENT_TEAM = LE2W4GJ2UR;
				INFOPLIST_FILE = TransActionTests/Info.plist;
				LD_RUNPATH_SEARCH_PATHS = "$(inherited) @executable_path/Frameworks @loader_path/Frameworks";
				PRODUCT_BUNDLE_IDENTIFIER = surya.TransActionTests;
				PRODUCT_NAME = "$(TARGET_NAME)";
				SWIFT_VERSION = 4.0;
				TARGETED_DEVICE_FAMILY = "1,2";
				TEST_HOST = "$(BUILT_PRODUCTS_DIR)/TransAction.app/TransAction";
			};
			name = Debug;
		};
		D868BB5C2043BF8A00625CF5 /* Release */ = {
			isa = XCBuildConfiguration;
			buildSettings = {
				ALWAYS_EMBED_SWIFT_STANDARD_LIBRARIES = YES;
				BUNDLE_LOADER = "$(TEST_HOST)";
				CODE_SIGN_STYLE = Automatic;
				DEVELOPMENT_TEAM = LE2W4GJ2UR;
				INFOPLIST_FILE = TransActionTests/Info.plist;
				LD_RUNPATH_SEARCH_PATHS = "$(inherited) @executable_path/Frameworks @loader_path/Frameworks";
				PRODUCT_BUNDLE_IDENTIFIER = surya.TransActionTests;
				PRODUCT_NAME = "$(TARGET_NAME)";
				SWIFT_VERSION = 4.0;
				TARGETED_DEVICE_FAMILY = "1,2";
				TEST_HOST = "$(BUILT_PRODUCTS_DIR)/TransAction.app/TransAction";
			};
			name = Release;
		};
		D868BB5E2043BF8A00625CF5 /* Debug */ = {
			isa = XCBuildConfiguration;
			buildSettings = {
				ALWAYS_EMBED_SWIFT_STANDARD_LIBRARIES = YES;
				CODE_SIGN_STYLE = Automatic;
				DEVELOPMENT_TEAM = LE2W4GJ2UR;
				INFOPLIST_FILE = TransActionUITests/Info.plist;
				LD_RUNPATH_SEARCH_PATHS = "$(inherited) @executable_path/Frameworks @loader_path/Frameworks";
				PRODUCT_BUNDLE_IDENTIFIER = surya.TransActionUITests;
				PRODUCT_NAME = "$(TARGET_NAME)";
				SWIFT_VERSION = 4.0;
				TARGETED_DEVICE_FAMILY = "1,2";
				TEST_TARGET_NAME = TransAction;
			};
			name = Debug;
		};
		D868BB5F2043BF8A00625CF5 /* Release */ = {
			isa = XCBuildConfiguration;
			buildSettings = {
				ALWAYS_EMBED_SWIFT_STANDARD_LIBRARIES = YES;
				CODE_SIGN_STYLE = Automatic;
				DEVELOPMENT_TEAM = LE2W4GJ2UR;
				INFOPLIST_FILE = TransActionUITests/Info.plist;
				LD_RUNPATH_SEARCH_PATHS = "$(inherited) @executable_path/Frameworks @loader_path/Frameworks";
				PRODUCT_BUNDLE_IDENTIFIER = surya.TransActionUITests;
				PRODUCT_NAME = "$(TARGET_NAME)";
				SWIFT_VERSION = 4.0;
				TARGETED_DEVICE_FAMILY = "1,2";
				TEST_TARGET_NAME = TransAction;
			};
			name = Release;
		};
/* End XCBuildConfiguration section */

/* Begin XCConfigurationList section */
		D868BB2A2043BF8900625CF5 /* Build configuration list for PBXProject "TransAction" */ = {
			isa = XCConfigurationList;
			buildConfigurations = (
				D868BB552043BF8A00625CF5 /* Debug */,
				D868BB562043BF8A00625CF5 /* Release */,
			);
			defaultConfigurationIsVisible = 0;
			defaultConfigurationName = Release;
		};
		D868BB572043BF8A00625CF5 /* Build configuration list for PBXNativeTarget "TransAction" */ = {
			isa = XCConfigurationList;
			buildConfigurations = (
				D868BB582043BF8A00625CF5 /* Debug */,
				D868BB592043BF8A00625CF5 /* Release */,
			);
			defaultConfigurationIsVisible = 0;
			defaultConfigurationName = Release;
		};
		D868BB5A2043BF8A00625CF5 /* Build configuration list for PBXNativeTarget "TransActionTests" */ = {
			isa = XCConfigurationList;
			buildConfigurations = (
				D868BB5B2043BF8A00625CF5 /* Debug */,
				D868BB5C2043BF8A00625CF5 /* Release */,
			);
			defaultConfigurationIsVisible = 0;
			defaultConfigurationName = Release;
		};
		D868BB5D2043BF8A00625CF5 /* Build configuration list for PBXNativeTarget "TransActionUITests" */ = {
			isa = XCConfigurationList;
			buildConfigurations = (
				D868BB5E2043BF8A00625CF5 /* Debug */,
				D868BB5F2043BF8A00625CF5 /* Release */,
			);
			defaultConfigurationIsVisible = 0;
			defaultConfigurationName = Release;
		};
/* End XCConfigurationList section */
	};
	rootObject = D868BB272043BF8900625CF5 /* Project object */;
}
